{
  "name": "uni-temp",
  "version": "1.0.0",
  "lockfileVersion": 1,
  "requires": true,
  "dependencies": {
    "@vue/composition-api": {
      "version": "1.0.0-beta.22",
      "resolved": "https://registry.npm.taobao.org/@vue/composition-api/download/@vue/composition-api-1.0.0-beta.22.tgz?cache=0&sync_timestamp=1608369631165&other_urls=https%3A%2F%2Fregistry.npm.taobao.org%2F%40vue%2Fcomposition-api%2Fdownload%2F%40vue%2Fcomposition-api-1.0.0-beta.22.tgz",
      "integrity": "sha1-iwBGvaE4ggxteckdyWGDmlLYU8c=",
      "requires": {
        "tslib": "^2.0.1"
      }
    },
    "tslib": {
      "version": "2.0.3",
      "resolved": "https://registry.npm.taobao.org/tslib/download/tslib-2.0.3.tgz?cache=0&sync_timestamp=1602286730817&other_urls=https%3A%2F%2Fregistry.npm.taobao.org%2Ftslib%2Fdownload%2Ftslib-2.0.3.tgz",
      "integrity": "sha1-jgdBrEX8DCJuWKF7/D5kubxsphw="
    }
  }
}
